
Microsoft Visual Studio Solution File, Format Version 12.00
# Visual Studio Version 17
VisualStudioVersion = 17.3.32825.248
MinimumVisualStudioVersion = 10.0.40219.1
Project("{FAE04EC0-301F-11D3-BF4B-00C04F79EFBC}") = "MethodsExercise2", "MethodsExercise2\MethodsExercise2.csproj", "{08D30273-4DAB-4A8D-9257-4B1F2AC1CDF9}"
EndProject
Global
	GlobalSection(SolutionConfigurationPlatforms) = preSolution
		Debug|Any CPU = Debug|Any CPU
		Release|Any CPU = Release|Any CPU
	EndGlobalSection
	GlobalSection(ProjectConfigurationPlatforms) = postSolution
		{08D30273-4DAB-4A8D-9257-4B1F2AC1CDF9}.Debug|Any CPU.ActiveCfg = Debug|Any CPU
		{08D30273-4DAB-4A8D-9257-4B1F2AC1CDF9}.Debug|Any CPU.Build.0 = Debug|Any CPU
		{08D30273-4DAB-4A8D-9257-4B1F2AC1CDF9}.Release|Any CPU.ActiveCfg = Release|Any CPU
		{08D30273-4DAB-4A8D-9257-4B1F2AC1CDF9}.Release|Any CPU.Build.0 = Release|Any CPU
	EndGlobalSection
	GlobalSection(SolutionProperties) = preSolution
		HideSolutionNode = FALSE
	EndGlobalSection
	GlobalSection(ExtensibilityGlobals) = postSolution
		SolutionGuid = {65F24794-F560-4DB5-8019-C8B4668D0116}
	EndGlobalSection
EndGlobal
